
Microsoft Visual Studio Solution File, Format Version 12.00
# Visual Studio Version 16
VisualStudioVersion = 16.0.30128.74
MinimumVisualStudioVersion = 10.0.40219.1
Project("{FAE04EC0-301F-11D3-BF4B-00C04F79EFBC}") = "vsu-app", "vsu-app.csproj", "{062D4BAF-BED9-4034-8EE4-E443A928403D}"
EndProject
Global
	GlobalSection(SolutionConfigurationPlatforms) = preSolution
		Debug|Any CPU = Debug|Any CPU
		Release|Any CPU = Release|Any CPU
	EndGlobalSection
	GlobalSection(ProjectConfigurationPlatforms) = postSolution
		{062D4BAF-BED9-4034-8EE4-E443A928403D}.Debug|Any CPU.ActiveCfg = Debug|Any CPU
		{062D4BAF-BED9-4034-8EE4-E443A928403D}.Debug|Any CPU.Build.0 = Debug|Any CPU
		{062D4BAF-BED9-4034-8EE4-E443A928403D}.Release|Any CPU.ActiveCfg = Release|Any CPU
		{062D4BAF-BED9-4034-8EE4-E443A928403D}.Release|Any CPU.Build.0 = Release|Any CPU
	EndGlobalSection
	GlobalSection(SolutionProperties) = preSolution
		HideSolutionNode = FALSE
	EndGlobalSection
	GlobalSection(ExtensibilityGlobals) = postSolution
		SolutionGuid = {56103633-0898-4E5F-B9F2-C42336A0236E}
	EndGlobalSection
EndGlobal
